
Microsoft Visual Studio Solution File, Format Version 12.00
# Visual Studio Version 16
VisualStudioVersion = 16.0.29905.134
MinimumVisualStudioVersion = 10.0.40219.1
Project("{FAE04EC0-301F-11D3-BF4B-00C04F79EFBC}") = "Supermercado", "Supermercado\Supermercado.csproj", "{51A356EC-2CDD-42E6-AF79-A7D89D42FE8A}"
EndProject
Global
	GlobalSection(SolutionConfigurationPlatforms) = preSolution
		Debug|Any CPU = Debug|Any CPU
		Release|Any CPU = Release|Any CPU
	EndGlobalSection
	GlobalSection(ProjectConfigurationPlatforms) = postSolution
		{51A356EC-2CDD-42E6-AF79-A7D89D42FE8A}.Debug|Any CPU.ActiveCfg = Debug|Any CPU
		{51A356EC-2CDD-42E6-AF79-A7D89D42FE8A}.Debug|Any CPU.Build.0 = Debug|Any CPU
		{51A356EC-2CDD-42E6-AF79-A7D89D42FE8A}.Release|Any CPU.ActiveCfg = Release|Any CPU
		{51A356EC-2CDD-42E6-AF79-A7D89D42FE8A}.Release|Any CPU.Build.0 = Release|Any CPU
	EndGlobalSection
	GlobalSection(SolutionProperties) = preSolution
		HideSolutionNode = FALSE
	EndGlobalSection
	GlobalSection(ExtensibilityGlobals) = postSolution
		SolutionGuid = {466175CD-1CE8-48ED-BA81-9883233F0643}
	EndGlobalSection
EndGlobal
